
Microsoft Visual Studio Solution File, Format Version 12.00
# Visual Studio Version 17
VisualStudioVersion = 17.3.32929.385
MinimumVisualStudioVersion = 10.0.40219.1
Project("{FAE04EC0-301F-11D3-BF4B-00C04F79EFBC}") = "CantBeEmpty", "CantBeEmpty\CantBeEmpty.csproj", "{5085A183-639F-40A9-813F-B57BEACB3F93}"
EndProject
Global
	GlobalSection(SolutionConfigurationPlatforms) = preSolution
		Debug|Any CPU = Debug|Any CPU
		Release|Any CPU = Release|Any CPU
	EndGlobalSection
	GlobalSection(ProjectConfigurationPlatforms) = postSolution
		{5085A183-639F-40A9-813F-B57BEACB3F93}.Debug|Any CPU.ActiveCfg = Debug|Any CPU
		{5085A183-639F-40A9-813F-B57BEACB3F93}.Debug|Any CPU.Build.0 = Debug|Any CPU
		{5085A183-639F-40A9-813F-B57BEACB3F93}.Release|Any CPU.ActiveCfg = Release|Any CPU
		{5085A183-639F-40A9-813F-B57BEACB3F93}.Release|Any CPU.Build.0 = Release|Any CPU
	EndGlobalSection
	GlobalSection(SolutionProperties) = preSolution
		HideSolutionNode = FALSE
	EndGlobalSection
	GlobalSection(ExtensibilityGlobals) = postSolution
		SolutionGuid = {6A2610BC-F086-49BA-B549-890258C9A946}
	EndGlobalSection
EndGlobal
